
Microsoft Visual Studio Solution File, Format Version 12.00
# Visual Studio Version 16
VisualStudioVersion = 16.0.30011.22
MinimumVisualStudioVersion = 10.0.40219.1
Project("{9A19103F-16F7-4668-BE54-9A1E7A4F7556}") = "SqlDatabaseBuilder", "src\SqlDatabaseBuilder\SqlDatabaseBuilder.csproj", "{E07501CD-1FD7-4D66-B51E-EF38E32ED67E}"
EndProject
Project("{9A19103F-16F7-4668-BE54-9A1E7A4F7556}") = "SqlDatabaseBuilderTests", "tests\SqlDatabaseBuilderTests\SqlDatabaseBuilderTests.csproj", "{CAFA451E-8FA1-4283-8119-B8A2B7469400}"
EndProject
Project("{2150E333-8FDC-42A3-9474-1A3956D46DE8}") = "src", "src", "{F4A064F8-5FDE-4460-811E-D1313230384B}"
EndProject
Project("{2150E333-8FDC-42A3-9474-1A3956D46DE8}") = "test", "test", "{8A94B16D-23A1-4C85-8703-1A7C62218317}"
EndProject
Project("{2150E333-8FDC-42A3-9474-1A3956D46DE8}") = "Solution Items", "Solution Items", "{74DBA598-77E8-4D09-990A-36980DAF1C69}"
	ProjectSection(SolutionItems) = preProject
		.gitignore = .gitignore
		azure-pipelines.yml = azure-pipelines.yml
		icon.png = icon.png
		NuGet.Config = NuGet.Config
		README.md = README.md
	EndProjectSection
EndProject
Global
	GlobalSection(SolutionConfigurationPlatforms) = preSolution
		Debug|Any CPU = Debug|Any CPU
		Release|Any CPU = Release|Any CPU
	EndGlobalSection
	GlobalSection(ProjectConfigurationPlatforms) = postSolution
		{E07501CD-1FD7-4D66-B51E-EF38E32ED67E}.Debug|Any CPU.ActiveCfg = Debug|Any CPU
		{E07501CD-1FD7-4D66-B51E-EF38E32ED67E}.Debug|Any CPU.Build.0 = Debug|Any CPU
		{E07501CD-1FD7-4D66-B51E-EF38E32ED67E}.Release|Any CPU.ActiveCfg = Release|Any CPU
		{E07501CD-1FD7-4D66-B51E-EF38E32ED67E}.Release|Any CPU.Build.0 = Release|Any CPU
		{CAFA451E-8FA1-4283-8119-B8A2B7469400}.Debug|Any CPU.ActiveCfg = Debug|Any CPU
		{CAFA451E-8FA1-4283-8119-B8A2B7469400}.Debug|Any CPU.Build.0 = Debug|Any CPU
		{CAFA451E-8FA1-4283-8119-B8A2B7469400}.Release|Any CPU.ActiveCfg = Release|Any CPU
		{CAFA451E-8FA1-4283-8119-B8A2B7469400}.Release|Any CPU.Build.0 = Release|Any CPU
	EndGlobalSection
	GlobalSection(SolutionProperties) = preSolution
		HideSolutionNode = FALSE
	EndGlobalSection
	GlobalSection(NestedProjects) = preSolution
		{E07501CD-1FD7-4D66-B51E-EF38E32ED67E} = {F4A064F8-5FDE-4460-811E-D1313230384B}
		{CAFA451E-8FA1-4283-8119-B8A2B7469400} = {8A94B16D-23A1-4C85-8703-1A7C62218317}
	EndGlobalSection
	GlobalSection(ExtensibilityGlobals) = postSolution
		SolutionGuid = {7A562B23-9F3B-40EE-B8AA-823735FFBFB9}
	EndGlobalSection
EndGlobal
